
Microsoft Visual Studio Solution File, Format Version 12.00
# Visual Studio Version 17
VisualStudioVersion = 17.11.35327.3
MinimumVisualStudioVersion = 10.0.40219.1
Project("{FAE04EC0-301F-11D3-BF4B-00C04F79EFBC}") = "EsameIfoa", "EsameIfoa\EsameIfoa.csproj", "{CCAC286D-2702-4047-A19C-EA0565C22ABE}"
EndProject
Global
	GlobalSection(SolutionConfigurationPlatforms) = preSolution
		Debug|Any CPU = Debug|Any CPU
		Release|Any CPU = Release|Any CPU
	EndGlobalSection
	GlobalSection(ProjectConfigurationPlatforms) = postSolution
		{CCAC286D-2702-4047-A19C-EA0565C22ABE}.Debug|Any CPU.ActiveCfg = Debug|Any CPU
		{CCAC286D-2702-4047-A19C-EA0565C22ABE}.Debug|Any CPU.Build.0 = Debug|Any CPU
		{CCAC286D-2702-4047-A19C-EA0565C22ABE}.Release|Any CPU.ActiveCfg = Release|Any CPU
		{CCAC286D-2702-4047-A19C-EA0565C22ABE}.Release|Any CPU.Build.0 = Release|Any CPU
	EndGlobalSection
	GlobalSection(SolutionProperties) = preSolution
		HideSolutionNode = FALSE
	EndGlobalSection
	GlobalSection(ExtensibilityGlobals) = postSolution
		SolutionGuid = {59B289E7-3D9D-4A20-AC53-C33D4E06E601}
	EndGlobalSection
EndGlobal
